// !$*UTF8*$!
{
	archiveVersion = 1;
	classes = {
	};
	objectVersion = 46;
	objects = {

/* Begin PBXBuildFile section */
		EB3980721CB6D04E000DB5B7 /* main.m in Sources */ = {isa = PBXBuildFile; fileRef = EB3980711CB6D04E000DB5B7 /* main.m */; };
		EB3980751CB6D04E000DB5B7 /* AppDelegate.m in Sources */ = {isa = PBXBuildFile; fileRef = EB3980741CB6D04E000DB5B7 /* AppDelegate.m */; };
		EB3980781CB6D04E000DB5B7 /* ViewController.m in Sources */ = {isa = PBXBuildFile; fileRef = EB3980771CB6D04E000DB5B7 /* ViewController.m */; };
		EB39807B1CB6D04E000DB5B7 /* Main.storyboard in Resources */ = {isa = PBXBuildFile; fileRef = EB3980791CB6D04E000DB5B7 /* Main.storyboard */; };
		EB39807D1CB6D04E000DB5B7 /* Assets.xcassets in Resources */ = {isa = PBXBuildFile; fileRef = EB39807C1CB6D04E000DB5B7 /* Assets.xcassets */; };
		EB3980801CB6D04E000DB5B7 /* LaunchScreen.storyboard in Resources */ = {isa = PBXBuildFile; fileRef = EB39807E1CB6D04E000DB5B7 /* LaunchScreen.storyboard */; };
		EB39808B1CB6D04E000DB5B7 /* iWeatherTests.m in Sources */ = {isa = PBXBuildFile; fileRef = EB39808A1CB6D04E000DB5B7 /* iWeatherTests.m */; };
		EB3980961CB6D04E000DB5B7 /* iWeatherUITests.m in Sources */ = {isa = PBXBuildFile; fileRef = EB3980951CB6D04E000DB5B7 /* iWeatherUITests.m */; };
/* End PBXBuildFile section */

/* Begin PBXContainerItemProxy section */
		EB3980871CB6D04E000DB5B7 /* PBXContainerItemProxy */ = {
			isa = PBXContainerItemProxy;
			containerPortal = EB3980651CB6D04E000DB5B7 /* Project object */;
			proxyType = 1;
			remoteGlobalIDString = EB39806C1CB6D04E000DB5B7;
			remoteInfo = iWeather;
		};
		EB3980921CB6D04E000DB5B7 /* PBXContainerItemProxy */ = {
			isa = PBXContainerItemProxy;
			containerPortal = EB3980651CB6D04E000DB5B7 /* Project object */;
			proxyType = 1;
			remoteGlobalIDString = EB39806C1CB6D04E000DB5B7;
			remoteInfo = iWeather;
		};
/* End PBXContainerItemProxy section */

/* Begin PBXFileReference section */
		EB39806D1CB6D04E000DB5B7 /* iWeather.app */ = {isa = PBXFileReference; explicitFileType = wrapper.application; includeInIndex = 0; path = iWeather.app; sourceTree = BUILT_PRODUCTS_DIR; };
		EB3980711CB6D04E000DB5B7 /* main.m */ = {isa = PBXFileReference; lastKnownFileType = sourcecode.c.objc; path = main.m; sourceTree = "<group>"; };
		EB3980731CB6D04E000DB5B7 /* AppDelegate.h */ = {isa = PBXFileReference; lastKnownFileType = sourcecode.c.h; path = AppDelegate.h; sourceTree = "<group>"; };
		EB3980741CB6D04E000DB5B7 /* AppDelegate.m */ = {isa = PBXFileReference; lastKnownFileType = sourcecode.c.objc; path = AppDelegate.m; sourceTree = "<group>"; };
		EB3980761CB6D04E000DB5B7 /* ViewController.h */ = {isa = PBXFileReference; lastKnownFileType = sourcecode.c.h; path = ViewController.h; sourceTree = "<group>"; };
		EB3980771CB6D04E000DB5B7 /* ViewController.m */ = {isa = PBXFileReference; lastKnownFileType = sourcecode.c.objc; path = ViewController.m; sourceTree = "<group>"; };
		EB39807A1CB6D04E000DB5B7 /* Base */ = {isa = PBXFileReference; lastKnownFileType = file.storyboard; name = Base; path = Base.lproj/Main.storyboard; sourceTree = "<group>"; };
		EB39807C1CB6D04E000DB5B7 /* Assets.xcassets */ = {isa = PBXFileReference; lastKnownFileType = folder.assetcatalog; path = Assets.xcassets; sourceTree = "<group>"; };
		EB39807F1CB6D04E000DB5B7 /* Base */ = {isa = PBXFileReference; lastKnownFileType = file.storyboard; name = Base; path = Base.lproj/LaunchScreen.storyboard; sourceTree = "<group>"; };
		EB3980811CB6D04E000DB5B7 /* Info.plist */ = {isa = PBXFileReference; lastKnownFileType = text.plist.xml; path = Info.plist; sourceTree = "<group>"; };
		EB3980861CB6D04E000DB5B7 /* iWeatherTests.xctest */ = {isa = PBXFileReference; explicitFileType = wrapper.cfbundle; includeInIndex = 0; path = iWeatherTests.xctest; sourceTree = BUILT_PRODUCTS_DIR; };
		EB39808A1CB6D04E000DB5B7 /* iWeatherTests.m */ = {isa = PBXFileReference; lastKnownFileType = sourcecode.c.objc; path = iWeatherTests.m; sourceTree = "<group>"; };
		EB39808C1CB6D04E000DB5B7 /* Info.plist */ = {isa = PBXFileReference; lastKnownFileType = text.plist.xml; path = Info.plist; sourceTree = "<group>"; };
		EB3980911CB6D04E000DB5B7 /* iWeatherUITests.xctest */ = {isa = PBXFileReference; explicitFileType = wrapper.cfbundle; includeInIndex = 0; path = iWeatherUITests.xctest; sourceTree = BUILT_PRODUCTS_DIR; };
		EB3980951CB6D04E000DB5B7 /* iWeatherUITests.m */ = {isa = PBXFileReference; lastKnownFileType = sourcecode.c.objc; path = iWeatherUITests.m; sourceTree = "<group>"; };
		EB3980971CB6D04E000DB5B7 /* Info.plist */ = {isa = PBXFileReference; lastKnownFileType = text.plist.xml; path = Info.plist; sourceTree = "<group>"; };
/* End PBXFileReference section */

/* Begin PBXFrameworksBuildPhase section */
		EB39806A1CB6D04E000DB5B7 /* Frameworks */ = {
			isa = PBXFrameworksBuildPhase;
			buildActionMask = 2147483647;
			files = (
			);
			runOnlyForDeploymentPostprocessing = 0;
		};
		EB3980831CB6D04E000DB5B7 /* Frameworks */ = {
			isa = PBXFrameworksBuildPhase;
			buildActionMask = 2147483647;
			files = (
			);
			runOnlyForDeploymentPostprocessing = 0;
		};
		EB39808E1CB6D04E000DB5B7 /* Frameworks */ = {
			isa = PBXFrameworksBuildPhase;
			buildActionMask = 2147483647;
			files = (
			);
			runOnlyForDeploymentPostprocessing = 0;
		};
/* End PBXFrameworksBuildPhase section */

/* Begin PBXGroup section */
		EB3980641CB6D04D000DB5B7 = {
			isa = PBXGroup;
			children = (
				EB39806F1CB6D04E000DB5B7 /* iWeather */,
				EB3980891CB6D04E000DB5B7 /* iWeatherTests */,
				EB3980941CB6D04E000DB5B7 /* iWeatherUITests */,
				EB39806E1CB6D04E000DB5B7 /* Products */,
			);
			sourceTree = "<group>";
		};
		EB39806E1CB6D04E000DB5B7 /* Products */ = {
			isa = PBXGroup;
			children = (
				EB39806D1CB6D04E000DB5B7 /* iWeather.app */,
				EB3980861CB6D04E000DB5B7 /* iWeatherTests.xctest */,
				EB3980911CB6D04E000DB5B7 /* iWeatherUITests.xctest */,
			);
			name = Products;
			sourceTree = "<group>";
		};
		EB39806F1CB6D04E000DB5B7 /* iWeather */ = {
			isa = PBXGroup;
			children = (
				EB3980731CB6D04E000DB5B7 /* AppDelegate.h */,
				EB3980741CB6D04E000DB5B7 /* AppDelegate.m */,
				EB3980761CB6D04E000DB5B7 /* ViewController.h */,
				EB3980771CB6D04E000DB5B7 /* ViewController.m */,
				EB3980791CB6D04E000DB5B7 /* Main.storyboard */,
				EB39807C1CB6D04E000DB5B7 /* Assets.xcassets */,
				EB39807E1CB6D04E000DB5B7 /* LaunchScreen.storyboard */,
				EB3980811CB6D04E000DB5B7 /* Info.plist */,
				EB3980701CB6D04E000DB5B7 /* Supporting Files */,
			);
			path = iWeather;
			sourceTree = "<group>";
		};
		EB3980701CB6D04E000DB5B7 /* Supporting Files */ = {
			isa = PBXGroup;
			children = (
				EB3980711CB6D04E000DB5B7 /* main.m */,
			);
			name = "Supporting Files";
			sourceTree = "<group>";
		};
		EB3980891CB6D04E000DB5B7 /* iWeatherTests */ = {
			isa = PBXGroup;
			children = (
				EB39808A1CB6D04E000DB5B7 /* iWeatherTests.m */,
				EB39808C1CB6D04E000DB5B7 /* Info.plist */,
			);
			path = iWeatherTests;
			sourceTree = "<group>";
		};
		EB3980941CB6D04E000DB5B7 /* iWeatherUITests */ = {
			isa = PBXGroup;
			children = (
				EB3980951CB6D04E000DB5B7 /* iWeatherUITests.m */,
				EB3980971CB6D04E000DB5B7 /* Info.plist */,
			);
			path = iWeatherUITests;
			sourceTree = "<group>";
		};
/* End PBXGroup section */

/* Begin PBXNativeTarget section */
		EB39806C1CB6D04E000DB5B7 /* iWeather */ = {
			isa = PBXNativeTarget;
			buildConfigurationList = EB39809A1CB6D04E000DB5B7 /* Build configuration list for PBXNativeTarget "iWeather" */;
			buildPhases = (
				EB3980691CB6D04E000DB5B7 /* Sources */,
				EB39806A1CB6D04E000DB5B7 /* Frameworks */,
				EB39806B1CB6D04E000DB5B7 /* Resources */,
			);
			buildRules = (
			);
			dependencies = (
			);
			name = iWeather;
			productName = iWeather;
			productReference = EB39806D1CB6D04E000DB5B7 /* iWeather.app */;
			productType = "com.apple.product-type.application";
		};
		EB3980851CB6D04E000DB5B7 /* iWeatherTests */ = {
			isa = PBXNativeTarget;
			buildConfigurationList = EB39809D1CB6D04E000DB5B7 /* Build configuration list for PBXNativeTarget "iWeatherTests" */;
			buildPhases = (
				EB3980821CB6D04E000DB5B7 /* Sources */,
				EB3980831CB6D04E000DB5B7 /* Frameworks */,
				EB3980841CB6D04E000DB5B7 /* Resources */,
			);
			buildRules = (
			);
			dependencies = (
				EB3980881CB6D04E000DB5B7 /* PBXTargetDependency */,
			);
			name = iWeatherTests;
			productName = iWeatherTests;
			productReference = EB3980861CB6D04E000DB5B7 /* iWeatherTests.xctest */;
			productType = "com.apple.product-type.bundle.unit-test";
		};
		EB3980901CB6D04E000DB5B7 /* iWeatherUITests */ = {
			isa = PBXNativeTarget;
			buildConfigurationList = EB3980A01CB6D04E000DB5B7 /* Build configuration list for PBXNativeTarget "iWeatherUITests" */;
			buildPhases = (
				EB39808D1CB6D04E000DB5B7 /* Sources */,
				EB39808E1CB6D04E000DB5B7 /* Frameworks */,
				EB39808F1CB6D04E000DB5B7 /* Resources */,
			);
			buildRules = (
			);
			dependencies = (
				EB3980931CB6D04E000DB5B7 /* PBXTargetDependency */,
			);
			name = iWeatherUITests;
			productName = iWeatherUITests;
			productReference = EB3980911CB6D04E000DB5B7 /* iWeatherUITests.xctest */;
			productType = "com.apple.product-type.bundle.ui-testing";
		};
/* End PBXNativeTarget section */

/* Begin PBXProject section */
		EB3980651CB6D04E000DB5B7 /* Project object */ = {
			isa = PBXProject;
			attributes = {
				LastUpgradeCheck = 0730;
				ORGANIZATIONNAME = "Xmob - Longdt";
				TargetAttributes = {
					EB39806C1CB6D04E000DB5B7 = {
						CreatedOnToolsVersion = 7.3;
					};
					EB3980851CB6D04E000DB5B7 = {
						CreatedOnToolsVersion = 7.3;
						TestTargetID = EB39806C1CB6D04E000DB5B7;
					};
					EB3980901CB6D04E000DB5B7 = {
						CreatedOnToolsVersion = 7.3;
						TestTargetID = EB39806C1CB6D04E000DB5B7;
					};
				};
			};
			buildConfigurationList = EB3980681CB6D04E000DB5B7 /* Build configuration list for PBXProject "iWeather" */;
			compatibilityVersion = "Xcode 3.2";
			developmentRegion = English;
			hasScannedForEncodings = 0;
			knownRegions = (
				en,
				Base,
			);
			mainGroup = EB3980641CB6D04D000DB5B7;
			productRefGroup = EB39806E1CB6D04E000DB5B7 /* Products */;
			projectDirPath = "";
			projectRoot = "";
			targets = (
				EB39806C1CB6D04E000DB5B7 /* iWeather */,
				EB3980851CB6D04E000DB5B7 /* iWeatherTests */,
				EB3980901CB6D04E000DB5B7 /* iWeatherUITests */,
			);
		};
/* End PBXProject section */

/* Begin PBXResourcesBuildPhase section */
		EB39806B1CB6D04E000DB5B7 /* Resources */ = {
			isa = PBXResourcesBuildPhase;
			buildActionMask = 2147483647;
			files = (
				EB3980801CB6D04E000DB5B7 /* LaunchScreen.storyboard in Resources */,
				EB39807D1CB6D04E000DB5B7 /* Assets.xcassets in Resources */,
				EB39807B1CB6D04E000DB5B7 /* Main.storyboard in Resources */,
			);
			runOnlyForDeploymentPostprocessing = 0;
		};
		EB3980841CB6D04E000DB5B7 /* Resources */ = {
			isa = PBXResourcesBuildPhase;
			buildActionMask = 2147483647;
			files = (
			);
			runOnlyForDeploymentPostprocessing = 0;
		};
		EB39808F1CB6D04E000DB5B7 /* Resources */ = {
			isa = PBXResourcesBuildPhase;
			buildActionMask = 2147483647;
			files = (
			);
			runOnlyForDeploymentPostprocessing = 0;
		};
/* End PBXResourcesBuildPhase section */

/* Begin PBXSourcesBuildPhase section */
		EB3980691CB6D04E000DB5B7 /* Sources */ = {
			isa = PBXSourcesBuildPhase;
			buildActionMask = 2147483647;
			files = (
				EB3980781CB6D04E000DB5B7 /* ViewController.m in Sources */,
				EB3980751CB6D04E000DB5B7 /* AppDelegate.m in Sources */,
				EB3980721CB6D04E000DB5B7 /* main.m in Sources */,
			);
			runOnlyForDeploymentPostprocessing = 0;
		};
		EB3980821CB6D04E000DB5B7 /* Sources */ = {
			isa = PBXSourcesBuildPhase;
			buildActionMask = 2147483647;
			files = (
				EB39808B1CB6D04E000DB5B7 /* iWeatherTests.m in Sources */,
			);
			runOnlyForDeploymentPostprocessing = 0;
		};
		EB39808D1CB6D04E000DB5B7 /* Sources */ = {
			isa = PBXSourcesBuildPhase;
			buildActionMask = 2147483647;
			files = (
				EB3980961CB6D04E000DB5B7 /* iWeatherUITests.m in Sources */,
			);
			runOnlyForDeploymentPostprocessing = 0;
		};
/* End PBXSourcesBuildPhase section */

/* Begin PBXTargetDependency section */
		EB3980881CB6D04E000DB5B7 /* PBXTargetDependency */ = {
			isa = PBXTargetDependency;
			target = EB39806C1CB6D04E000DB5B7 /* iWeather */;
			targetProxy = EB3980871CB6D04E000DB5B7 /* PBXContainerItemProxy */;
		};
		EB3980931CB6D04E000DB5B7 /* PBXTargetDependency */ = {
			isa = PBXTargetDependency;
			target = EB39806C1CB6D04E000DB5B7 /* iWeather */;
			targetProxy = EB3980921CB6D04E000DB5B7 /* PBXContainerItemProxy */;
		};
/* End PBXTargetDependency section */

/* Begin PBXVariantGroup section */
		EB3980791CB6D04E000DB5B7 /* Main.storyboard */ = {
			isa = PBXVariantGroup;
			children = (
				EB39807A1CB6D04E000DB5B7 /* Base */,
			);
			name = Main.storyboard;
			sourceTree = "<group>";
		};
		EB39807E1CB6D04E000DB5B7 /* LaunchScreen.storyboard */ = {
			isa = PBXVariantGroup;
			children = (
				EB39807F1CB6D04E000DB5B7 /* Base */,
			);
			name = LaunchScreen.storyboard;
			sourceTree = "<group>";
		};
/* End PBXVariantGroup section */

/* Begin XCBuildConfiguration section */
		EB3980981CB6D04E000DB5B7 /* Debug */ = {
			isa = XCBuildConfiguration;
			buildSettings = {
				ALWAYS_SEARCH_USER_PATHS = NO;
				CLANG_ANALYZER_NONNULL = YES;
				CLANG_CXX_LANGUAGE_STANDARD = "gnu++0x";
				CLANG_CXX_LIBRARY = "libc++";
				CLANG_ENABLE_MODULES = YES;
				CLANG_ENABLE_OBJC_ARC = YES;
				CLANG_WARN_BOOL_CONVERSION = YES;
				CLANG_WARN_CONSTANT_CONVERSION = YES;
				CLANG_WARN_DIRECT_OBJC_ISA_USAGE = YES_ERROR;
				CLANG_WARN_EMPTY_BODY = YES;
				CLANG_WARN_ENUM_CONVERSION = YES;
				CLANG_WARN_INT_CONVERSION = YES;
				CLANG_WARN_OBJC_ROOT_CLASS = YES_ERROR;
				CLANG_WARN_UNREACHABLE_CODE = YES;
				CLANG_WARN__DUPLICATE_METHOD_MATCH = YES;
				"CODE_SIGN_IDENTITY[sdk=iphoneos*]" = "iPhone Developer";
				COPY_PHASE_STRIP = NO;
				DEBUG_INFORMATION_FORMAT = dwarf;
				ENABLE_STRICT_OBJC_MSGSEND = YES;
				ENABLE_TESTABILITY = YES;
				GCC_C_LANGUAGE_STANDARD = gnu99;
				GCC_DYNAMIC_NO_PIC = NO;
				GCC_NO_COMMON_BLOCKS = YES;
				GCC_OPTIMIZATION_LEVEL = 0;
				GCC_PREPROCESSOR_DEFINITIONS = (
					"DEBUG=1",
					"$(inherited)",
				);
				GCC_WARN_64_TO_32_BIT_CONVERSION = YES;
				GCC_WARN_ABOUT_RETURN_TYPE = YES_ERROR;
				GCC_WARN_UNDECLARED_SELECTOR = YES;
				GCC_WARN_UNINITIALIZED_AUTOS = YES_AGGRESSIVE;
				GCC_WARN_UNUSED_FUNCTION = YES;
				GCC_WARN_UNUSED_VARIABLE = YES;
				IPHONEOS_DEPLOYMENT_TARGET = 9.3;
				MTL_ENABLE_DEBUG_INFO = YES;
				ONLY_ACTIVE_ARCH = YES;
				SDKROOT = iphoneos;
			};
			name = Debug;
		};
		EB3980991CB6D04E000DB5B7 /* Release */ = {
			isa = XCBuildConfiguration;
			buildSettings = {
				ALWAYS_SEARCH_USER_PATHS = NO;
				CLANG_ANALYZER_NONNULL = YES;
				CLANG_CXX_LANGUAGE_STANDARD = "gnu++0x";
				CLANG_CXX_LIBRARY = "libc++";
				CLANG_ENABLE_MODULES = YES;
				CLANG_ENABLE_OBJC_ARC = YES;
				CLANG_WARN_BOOL_CONVERSION = YES;
				CLANG_WARN_CONSTANT_CONVERSION = YES;
				CLANG_WARN_DIRECT_OBJC_ISA_USAGE = YES_ERROR;
				CLANG_WARN_EMPTY_BODY = YES;
				CLANG_WARN_ENUM_CONVERSION = YES;
				CLANG_WARN_INT_CONVERSION = YES;
				CLANG_WARN_OBJC_ROOT_CLASS = YES_ERROR;
				CLANG_WARN_UNREACHABLE_CODE = YES;
				CLANG_WARN__DUPLICATE_METHOD_MATCH = YES;
				"CODE_SIGN_IDENTITY[sdk=iphoneos*]" = "iPhone Developer";
				COPY_PHASE_STRIP = NO;
				DEBUG_INFORMATION_FORMAT = "dwarf-with-dsym";
				ENABLE_NS_ASSERTIONS = NO;
				ENABLE_STRICT_OBJC_MSGSEND = YES;
				GCC_C_LANGUAGE_STANDARD = gnu99;
				GCC_NO_COMMON_BLOCKS = YES;
				GCC_WARN_64_TO_32_BIT_CONVERSION = YES;
				GCC_WARN_ABOUT_RETURN_TYPE = YES_ERROR;
				GCC_WARN_UNDECLARED_SELECTOR = YES;
				GCC_WARN_UNINITIALIZED_AUTOS = YES_AGGRESSIVE;
				GCC_WARN_UNUSED_FUNCTION = YES;
				GCC_WARN_UNUSED_VARIABLE = YES;
				IPHONEOS_DEPLOYMENT_TARGET = 9.3;
				MTL_ENABLE_DEBUG_INFO = NO;
				SDKROOT = iphoneos;
				VALIDATE_PRODUCT = YES;
			};
			name = Release;
		};
		EB39809B1CB6D04E000DB5B7 /* Debug */ = {
			isa = XCBuildConfiguration;
			buildSettings = {
				ASSETCATALOG_COMPILER_APPICON_NAME = AppIcon;
				INFOPLIST_FILE = iWeather/Info.plist;
				LD_RUNPATH_SEARCH_PATHS = "$(inherited) @executable_path/Frameworks";
				PRODUCT_BUNDLE_IDENTIFIER = Longdt.iWeather;
				PRODUCT_NAME = "$(TARGET_NAME)";
			};
			name = Debug;
		};
		EB39809C1CB6D04E000DB5B7 /* Release */ = {
			isa = XCBuildConfiguration;
			buildSettings = {
				ASSETCATALOG_COMPILER_APPICON_NAME = AppIcon;
				INFOPLIST_FILE = iWeather/Info.plist;
				LD_RUNPATH_SEARCH_PATHS = "$(inherited) @executable_path/Frameworks";
				PRODUCT_BUNDLE_IDENTIFIER = Longdt.iWeather;
				PRODUCT_NAME = "$(TARGET_NAME)";
			};
			name = Release;
		};
		EB39809E1CB6D04E000DB5B7 /* Debug */ = {
			isa = XCBuildConfiguration;
			buildSettings = {
				BUNDLE_LOADER = "$(TEST_HOST)";
				INFOPLIST_FILE = iWeatherTests/Info.plist;
				LD_RUNPATH_SEARCH_PATHS = "$(inherited) @executable_path/Frameworks @loader_path/Frameworks";
				PRODUCT_BUNDLE_IDENTIFIER = Longdt.iWeatherTests;
				PRODUCT_NAME = "$(TARGET_NAME)";
				TEST_HOST = "$(BUILT_PRODUCTS_DIR)/iWeather.app/iWeather";
			};
			name = Debug;
		};
		EB39809F1CB6D04E000DB5B7 /* Release */ = {
			isa = XCBuildConfiguration;
			buildSettings = {
				BUNDLE_LOADER = "$(TEST_HOST)";
				INFOPLIST_FILE = iWeatherTests/Info.plist;
				LD_RUNPATH_SEARCH_PATHS = "$(inherited) @executable_path/Frameworks @loader_path/Frameworks";
				PRODUCT_BUNDLE_IDENTIFIER = Longdt.iWeatherTests;
				PRODUCT_NAME = "$(TARGET_NAME)";
				TEST_HOST = "$(BUILT_PRODUCTS_DIR)/iWeather.app/iWeather";
			};
			name = Release;
		};
		EB3980A11CB6D04E000DB5B7 /* Debug */ = {
			isa = XCBuildConfiguration;
			buildSettings = {
				INFOPLIST_FILE = iWeatherUITests/Info.plist;
				LD_RUNPATH_SEARCH_PATHS = "$(inherited) @executable_path/Frameworks @loader_path/Frameworks";
				PRODUCT_BUNDLE_IDENTIFIER = Longdt.iWeatherUITests;
				PRODUCT_NAME = "$(TARGET_NAME)";
				TEST_TARGET_NAME = iWeather;
			};
			name = Debug;
		};
		EB3980A21CB6D04E000DB5B7 /* Release */ = {
			isa = XCBuildConfiguration;
			buildSettings = {
				INFOPLIST_FILE = iWeatherUITests/Info.plist;
				LD_RUNPATH_SEARCH_PATHS = "$(inherited) @executable_path/Frameworks @loader_path/Frameworks";
				PRODUCT_BUNDLE_IDENTIFIER = Longdt.iWeatherUITests;
				PRODUCT_NAME = "$(TARGET_NAME)";
				TEST_TARGET_NAME = iWeather;
			};
			name = Release;
		};
/* End XCBuildConfiguration section */

/* Begin XCConfigurationList section */
		EB3980681CB6D04E000DB5B7 /* Build configuration list for PBXProject "iWeather" */ = {
			isa = XCConfigurationList;
			buildConfigurations = (
				EB3980981CB6D04E000DB5B7 /* Debug */,
				EB3980991CB6D04E000DB5B7 /* Release */,
			);
			defaultConfigurationIsVisible = 0;
			defaultConfigurationName = Release;
		};
		EB39809A1CB6D04E000DB5B7 /* Build configuration list for PBXNativeTarget "iWeather" */ = {
			isa = XCConfigurationList;
			buildConfigurations = (
				EB39809B1CB6D04E000DB5B7 /* Debug */,
				EB39809C1CB6D04E000DB5B7 /* Release */,
			);
			defaultConfigurationIsVisible = 0;
		};
		EB39809D1CB6D04E000DB5B7 /* Build configuration list for PBXNativeTarget "iWeatherTests" */ = {
			isa = XCConfigurationList;
			buildConfigurations = (
				EB39809E1CB6D04E000DB5B7 /* Debug */,
				EB39809F1CB6D04E000DB5B7 /* Release */,
			);
			defaultConfigurationIsVisible = 0;
		};
		EB3980A01CB6D04E000DB5B7 /* Build configuration list for PBXNativeTarget "iWeatherUITests" */ = {
			isa = XCConfigurationList;
			buildConfigurations = (
				EB3980A11CB6D04E000DB5B7 /* Debug */,
				EB3980A21CB6D04E000DB5B7 /* Release */,
			);
			defaultConfigurationIsVisible = 0;
		};
/* End XCConfigurationList section */
	};
	rootObject = EB3980651CB6D04E000DB5B7 /* Project object */;
}
